// !$*UTF8*$!
{
	archiveVersion = 1;
	classes = {
	};
	objectVersion = 51;
	objects = {

/* Begin PBXBuildFile section */
		600D27C6BD6C661F6BFC93BB /* Pods_Permissions.framework in Frameworks */ = {isa = PBXBuildFile; fileRef = FEA457EBE1F19BD8CFC4F854 /* Pods_Permissions.framework */; };
		7F01EEBF2423503A00AC82F0 /* AppDelegate.swift in Sources */ = {isa = PBXBuildFile; fileRef = 7F01EEBE2423503A00AC82F0 /* AppDelegate.swift */; };
		7F01EEC32423503A00AC82F0 /* ViewController.swift in Sources */ = {isa = PBXBuildFile; fileRef = 7F01EEC22423503A00AC82F0 /* ViewController.swift */; };
		7F01EEC62423503A00AC82F0 /* Main.storyboard in Resources */ = {isa = PBXBuildFile; fileRef = 7F01EEC42423503A00AC82F0 /* Main.storyboard */; };
		7F01EEC82423503A00AC82F0 /* Assets.xcassets in Resources */ = {isa = PBXBuildFile; fileRef = 7F01EEC72423503A00AC82F0 /* Assets.xcassets */; };
		7F01EECB2423503A00AC82F0 /* LaunchScreen.storyboard in Resources */ = {isa = PBXBuildFile; fileRef = 7F01EEC92423503A00AC82F0 /* LaunchScreen.storyboard */; };
		7FE68D4B24235195008F4D88 /* PermissionsConfiguration.xcconfig in Resources */ = {isa = PBXBuildFile; fileRef = 7FE68D4A24235195008F4D88 /* PermissionsConfiguration.xcconfig */; };
/* End PBXBuildFile section */

/* Begin PBXFileReference section */
		77AB197408820F38F148A269 /* Pods-Permissions.release.xcconfig */ = {isa = PBXFileReference; includeInIndex = 1; lastKnownFileType = text.xcconfig; name = "Pods-Permissions.release.xcconfig"; path = "Target Support Files/Pods-Permissions/Pods-Permissions.release.xcconfig"; sourceTree = "<group>"; };
		7F01EEBB2423503A00AC82F0 /* Permissions.app */ = {isa = PBXFileReference; explicitFileType = wrapper.application; includeInIndex = 0; path = Permissions.app; sourceTree = BUILT_PRODUCTS_DIR; };
		7F01EEBE2423503A00AC82F0 /* AppDelegate.swift */ = {isa = PBXFileReference; lastKnownFileType = sourcecode.swift; path = AppDelegate.swift; sourceTree = "<group>"; };
		7F01EEC22423503A00AC82F0 /* ViewController.swift */ = {isa = PBXFileReference; lastKnownFileType = sourcecode.swift; path = ViewController.swift; sourceTree = "<group>"; };
		7F01EEC52423503A00AC82F0 /* Base */ = {isa = PBXFileReference; lastKnownFileType = file.storyboard; name = Base; path = Base.lproj/Main.storyboard; sourceTree = "<group>"; };
		7F01EEC72423503A00AC82F0 /* Assets.xcassets */ = {isa = PBXFileReference; lastKnownFileType = folder.assetcatalog; path = Assets.xcassets; sourceTree = "<group>"; };
		7F01EECA2423503A00AC82F0 /* Base */ = {isa = PBXFileReference; lastKnownFileType = file.storyboard; name = Base; path = Base.lproj/LaunchScreen.storyboard; sourceTree = "<group>"; };
		7F01EECC2423503A00AC82F0 /* Info.plist */ = {isa = PBXFileReference; lastKnownFileType = text.plist.xml; path = Info.plist; sourceTree = "<group>"; };
		7FE68D4A24235195008F4D88 /* PermissionsConfiguration.xcconfig */ = {isa = PBXFileReference; fileEncoding = 4; lastKnownFileType = text.xcconfig; path = PermissionsConfiguration.xcconfig; sourceTree = "<group>"; };
		A10D46E6D331D05921FBE155 /* Pods-Permissions.debug.xcconfig */ = {isa = PBXFileReference; includeInIndex = 1; lastKnownFileType = text.xcconfig; name = "Pods-Permissions.debug.xcconfig"; path = "Target Support Files/Pods-Permissions/Pods-Permissions.debug.xcconfig"; sourceTree = "<group>"; };
		FEA457EBE1F19BD8CFC4F854 /* Pods_Permissions.framework */ = {isa = PBXFileReference; explicitFileType = wrapper.framework; includeInIndex = 0; path = Pods_Permissions.framework; sourceTree = BUILT_PRODUCTS_DIR; };
/* End PBXFileReference section */

/* Begin PBXFrameworksBuildPhase section */
		7F01EEB82423503A00AC82F0 /* Frameworks */ = {
			isa = PBXFrameworksBuildPhase;
			buildActionMask = 2147483647;
			files = (
				600D27C6BD6C661F6BFC93BB /* Pods_Permissions.framework in Frameworks */,
			);
			runOnlyForDeploymentPostprocessing = 0;
		};
/* End PBXFrameworksBuildPhase section */

/* Begin PBXGroup section */
		7F01EEB22423503A00AC82F0 = {
			isa = PBXGroup;
			children = (
				7FE68D4A24235195008F4D88 /* PermissionsConfiguration.xcconfig */,
				7F01EEBD2423503A00AC82F0 /* Permissions */,
				7F01EEBC2423503A00AC82F0 /* Products */,
				F1F2D937C48C62636D6C1037 /* Pods */,
				FA3A5507932FB4AF4AD55843 /* Frameworks */,
			);
			sourceTree = "<group>";
		};
		7F01EEBC2423503A00AC82F0 /* Products */ = {
			isa = PBXGroup;
			children = (
				7F01EEBB2423503A00AC82F0 /* Permissions.app */,
			);
			name = Products;
			sourceTree = "<group>";
		};
		7F01EEBD2423503A00AC82F0 /* Permissions */ = {
			isa = PBXGroup;
			children = (
				7F01EEBE2423503A00AC82F0 /* AppDelegate.swift */,
				7F01EEC22423503A00AC82F0 /* ViewController.swift */,
				7F01EEC42423503A00AC82F0 /* Main.storyboard */,
				7F01EEC72423503A00AC82F0 /* Assets.xcassets */,
				7F01EEC92423503A00AC82F0 /* LaunchScreen.storyboard */,
				7F01EECC2423503A00AC82F0 /* Info.plist */,
			);
			path = Permissions;
			sourceTree = "<group>";
		};
		F1F2D937C48C62636D6C1037 /* Pods */ = {
			isa = PBXGroup;
			children = (
				A10D46E6D331D05921FBE155 /* Pods-Permissions.debug.xcconfig */,
				77AB197408820F38F148A269 /* Pods-Permissions.release.xcconfig */,
			);
			path = Pods;
			sourceTree = "<group>";
		};
		FA3A5507932FB4AF4AD55843 /* Frameworks */ = {
			isa = PBXGroup;
			children = (
				FEA457EBE1F19BD8CFC4F854 /* Pods_Permissions.framework */,
			);
			name = Frameworks;
			sourceTree = "<group>";
		};
/* End PBXGroup section */

/* Begin PBXNativeTarget section */
		7F01EEBA2423503A00AC82F0 /* Permissions */ = {
			isa = PBXNativeTarget;
			buildConfigurationList = 7F01EECF2423503A00AC82F0 /* Build configuration list for PBXNativeTarget "Permissions" */;
			buildPhases = (
				2330EAB2B50267FDB22F1745 /* [CP] Check Pods Manifest.lock */,
				7F01EEB72423503A00AC82F0 /* Sources */,
				7F01EEB82423503A00AC82F0 /* Frameworks */,
				7F01EEB92423503A00AC82F0 /* Resources */,
				94D622CE3E0F414445083D23 /* [CP] Embed Pods Frameworks */,
			);
			buildRules = (
			);
			dependencies = (
			);
			name = Permissions;
			productName = Permissions;
			productReference = 7F01EEBB2423503A00AC82F0 /* Permissions.app */;
			productType = "com.apple.product-type.application";
		};
/* End PBXNativeTarget section */

/* Begin PBXProject section */
		7F01EEB32423503A00AC82F0 /* Project object */ = {
			isa = PBXProject;
			attributes = {
				LastSwiftUpdateCheck = 1130;
				LastUpgradeCheck = 1130;
				ORGANIZATIONNAME = WeKanCode;
				TargetAttributes = {
					7F01EEBA2423503A00AC82F0 = {
						CreatedOnToolsVersion = 11.3.1;
					};
				};
			};
			buildConfigurationList = 7F01EEB62423503A00AC82F0 /* Build configuration list for PBXProject "Permissions" */;
			compatibilityVersion = "Xcode 9.3";
			developmentRegion = en;
			hasScannedForEncodings = 0;
			knownRegions = (
				en,
				Base,
			);
			mainGroup = 7F01EEB22423503A00AC82F0;
			productRefGroup = 7F01EEBC2423503A00AC82F0 /* Products */;
			projectDirPath = "";
			projectRoot = "";
			targets = (
				7F01EEBA2423503A00AC82F0 /* Permissions */,
			);
		};
/* End PBXProject section */

/* Begin PBXResourcesBuildPhase section */
		7F01EEB92423503A00AC82F0 /* Resources */ = {
			isa = PBXResourcesBuildPhase;
			buildActionMask = 2147483647;
			files = (
				7F01EECB2423503A00AC82F0 /* LaunchScreen.storyboard in Resources */,
				7FE68D4B24235195008F4D88 /* PermissionsConfiguration.xcconfig in Resources */,
				7F01EEC82423503A00AC82F0 /* Assets.xcassets in Resources */,
				7F01EEC62423503A00AC82F0 /* Main.storyboard in Resources */,
			);
			runOnlyForDeploymentPostprocessing = 0;
		};
/* End PBXResourcesBuildPhase section */

/* Begin PBXShellScriptBuildPhase section */
		2330EAB2B50267FDB22F1745 /* [CP] Check Pods Manifest.lock */ = {
			isa = PBXShellScriptBuildPhase;
			buildActionMask = 2147483647;
			files = (
			);
			inputFileListPaths = (
			);
			inputPaths = (
				"${PODS_PODFILE_DIR_PATH}/Podfile.lock",
				"${PODS_ROOT}/Manifest.lock",
			);
			name = "[CP] Check Pods Manifest.lock";
			outputFileListPaths = (
			);
			outputPaths = (
				"$(DERIVED_FILE_DIR)/Pods-Permissions-checkManifestLockResult.txt",
			);
			runOnlyForDeploymentPostprocessing = 0;
			shellPath = /bin/sh;
			shellScript = "diff \"${PODS_PODFILE_DIR_PATH}/Podfile.lock\" \"${PODS_ROOT}/Manifest.lock\" > /dev/null\nif [ $? != 0 ] ; then\n    # print error to STDERR\n    echo \"error: The sandbox is not in sync with the Podfile.lock. Run 'pod install' or update your CocoaPods installation.\" >&2\n    exit 1\nfi\n# This output is used by Xcode 'outputs' to avoid re-running this script phase.\necho \"SUCCESS\" > \"${SCRIPT_OUTPUT_FILE_0}\"\n";
			showEnvVarsInLog = 0;
		};
		94D622CE3E0F414445083D23 /* [CP] Embed Pods Frameworks */ = {
			isa = PBXShellScriptBuildPhase;
			buildActionMask = 2147483647;
			files = (
			);
			inputFileListPaths = (
				"${PODS_ROOT}/Target Support Files/Pods-Permissions/Pods-Permissions-frameworks-${CONFIGURATION}-input-files.xcfilelist",
			);
			name = "[CP] Embed Pods Frameworks";
			outputFileListPaths = (
				"${PODS_ROOT}/Target Support Files/Pods-Permissions/Pods-Permissions-frameworks-${CONFIGURATION}-output-files.xcfilelist",
			);
			runOnlyForDeploymentPostprocessing = 0;
			shellPath = /bin/sh;
			shellScript = "\"${PODS_ROOT}/Target Support Files/Pods-Permissions/Pods-Permissions-frameworks.sh\"\n";
			showEnvVarsInLog = 0;
		};
/* End PBXShellScriptBuildPhase section */

/* Begin PBXSourcesBuildPhase section */
		7F01EEB72423503A00AC82F0 /* Sources */ = {
			isa = PBXSourcesBuildPhase;
			buildActionMask = 2147483647;
			files = (
				7F01EEC32423503A00AC82F0 /* ViewController.swift in Sources */,
				7F01EEBF2423503A00AC82F0 /* AppDelegate.swift in Sources */,
			);
			runOnlyForDeploymentPostprocessing = 0;
		};
/* End PBXSourcesBuildPhase section */

/* Begin PBXVariantGroup section */
		7F01EEC42423503A00AC82F0 /* Main.storyboard */ = {
			isa = PBXVariantGroup;
			children = (
				7F01EEC52423503A00AC82F0 /* Base */,
			);
			name = Main.storyboard;
			sourceTree = "<group>";
		};
		7F01EEC92423503A00AC82F0 /* LaunchScreen.storyboard */ = {
			isa = PBXVariantGroup;
			children = (
				7F01EECA2423503A00AC82F0 /* Base */,
			);
			name = LaunchScreen.storyboard;
			sourceTree = "<group>";
		};
/* End PBXVariantGroup section */

/* Begin XCBuildConfiguration section */
		7F01EECD2423503A00AC82F0 /* Debug */ = {
			isa = XCBuildConfiguration;
			buildSettings = {
				ALWAYS_SEARCH_USER_PATHS = NO;
				CLANG_ANALYZER_NONNULL = YES;
				CLANG_ANALYZER_NUMBER_OBJECT_CONVERSION = YES_AGGRESSIVE;
				CLANG_CXX_LANGUAGE_STANDARD = "gnu++14";
				CLANG_CXX_LIBRARY = "libc++";
				CLANG_ENABLE_MODULES = YES;
				CLANG_ENABLE_OBJC_ARC = YES;
				CLANG_ENABLE_OBJC_WEAK = YES;
				CLANG_WARN_BLOCK_CAPTURE_AUTORELEASING = YES;
				CLANG_WARN_BOOL_CONVERSION = YES;
				CLANG_WARN_COMMA = YES;
				CLANG_WARN_CONSTANT_CONVERSION = YES;
				CLANG_WARN_DEPRECATED_OBJC_IMPLEMENTATIONS = YES;
				CLANG_WARN_DIRECT_OBJC_ISA_USAGE = YES_ERROR;
				CLANG_WARN_DOCUMENTATION_COMMENTS = YES;
				CLANG_WARN_EMPTY_BODY = YES;
				CLANG_WARN_ENUM_CONVERSION = YES;
				CLANG_WARN_INFINITE_RECURSION = YES;
				CLANG_WARN_INT_CONVERSION = YES;
				CLANG_WARN_NON_LITERAL_NULL_CONVERSION = YES;
				CLANG_WARN_OBJC_IMPLICIT_RETAIN_SELF = YES;
				CLANG_WARN_OBJC_LITERAL_CONVERSION = YES;
				CLANG_WARN_OBJC_ROOT_CLASS = YES_ERROR;
				CLANG_WARN_RANGE_LOOP_ANALYSIS = YES;
				CLANG_WARN_STRICT_PROTOTYPES = YES;
				CLANG_WARN_SUSPICIOUS_MOVE = YES;
				CLANG_WARN_UNGUARDED_AVAILABILITY = YES_AGGRESSIVE;
				CLANG_WARN_UNREACHABLE_CODE = YES;
				CLANG_WARN__DUPLICATE_METHOD_MATCH = YES;
				COPY_PHASE_STRIP = NO;
				DEBUG_INFORMATION_FORMAT = dwarf;
				ENABLE_STRICT_OBJC_MSGSEND = YES;
				ENABLE_TESTABILITY = YES;
				GCC_C_LANGUAGE_STANDARD = gnu11;
				GCC_DYNAMIC_NO_PIC = NO;
				GCC_NO_COMMON_BLOCKS = YES;
				GCC_OPTIMIZATION_LEVEL = 0;
				GCC_PREPROCESSOR_DEFINITIONS = (
					"DEBUG=1",
					"$(inherited)",
				);
				GCC_WARN_64_TO_32_BIT_CONVERSION = YES;
				GCC_WARN_ABOUT_RETURN_TYPE = YES_ERROR;
				GCC_WARN_UNDECLARED_SELECTOR = YES;
				GCC_WARN_UNINITIALIZED_AUTOS = YES_AGGRESSIVE;
				GCC_WARN_UNUSED_FUNCTION = YES;
				GCC_WARN_UNUSED_VARIABLE = YES;
				IPHONEOS_DEPLOYMENT_TARGET = 13.2;
				MTL_ENABLE_DEBUG_INFO = INCLUDE_SOURCE;
				MTL_FAST_MATH = YES;
				ONLY_ACTIVE_ARCH = YES;
				SDKROOT = iphoneos;
				SWIFT_ACTIVE_COMPILATION_CONDITIONS = DEBUG;
				SWIFT_OPTIMIZATION_LEVEL = "-Onone";
			};
			name = Debug;
		};
		7F01EECE2423503A00AC82F0 /* Release */ = {
			isa = XCBuildConfiguration;
			buildSettings = {
				ALWAYS_SEARCH_USER_PATHS = NO;
				CLANG_ANALYZER_NONNULL = YES;
				CLANG_ANALYZER_NUMBER_OBJECT_CONVERSION = YES_AGGRESSIVE;
				CLANG_CXX_LANGUAGE_STANDARD = "gnu++14";
				CLANG_CXX_LIBRARY = "libc++";
				CLANG_ENABLE_MODULES = YES;
				CLANG_ENABLE_OBJC_ARC = YES;
				CLANG_ENABLE_OBJC_WEAK = YES;
				CLANG_WARN_BLOCK_CAPTURE_AUTORELEASING = YES;
				CLANG_WARN_BOOL_CONVERSION = YES;
				CLANG_WARN_COMMA = YES;
				CLANG_WARN_CONSTANT_CONVERSION = YES;
				CLANG_WARN_DEPRECATED_OBJC_IMPLEMENTATIONS = YES;
				CLANG_WARN_DIRECT_OBJC_ISA_USAGE = YES_ERROR;
				CLANG_WARN_DOCUMENTATION_COMMENTS = YES;
				CLANG_WARN_EMPTY_BODY = YES;
				CLANG_WARN_ENUM_CONVERSION = YES;
				CLANG_WARN_INFINITE_RECURSION = YES;
				CLANG_WARN_INT_CONVERSION = YES;
				CLANG_WARN_NON_LITERAL_NULL_CONVERSION = YES;
				CLANG_WARN_OBJC_IMPLICIT_RETAIN_SELF = YES;
				CLANG_WARN_OBJC_LITERAL_CONVERSION = YES;
				CLANG_WARN_OBJC_ROOT_CLASS = YES_ERROR;
				CLANG_WARN_RANGE_LOOP_ANALYSIS = YES;
				CLANG_WARN_STRICT_PROTOTYPES = YES;
				CLANG_WARN_SUSPICIOUS_MOVE = YES;
				CLANG_WARN_UNGUARDED_AVAILABILITY = YES_AGGRESSIVE;
				CLANG_WARN_UNREACHABLE_CODE = YES;
				CLANG_WARN__DUPLICATE_METHOD_MATCH = YES;
				COPY_PHASE_STRIP = NO;
				DEBUG_INFORMATION_FORMAT = "dwarf-with-dsym";
				ENABLE_NS_ASSERTIONS = NO;
				ENABLE_STRICT_OBJC_MSGSEND = YES;
				GCC_C_LANGUAGE_STANDARD = gnu11;
				GCC_NO_COMMON_BLOCKS = YES;
				GCC_WARN_64_TO_32_BIT_CONVERSION = YES;
				GCC_WARN_ABOUT_RETURN_TYPE = YES_ERROR;
				GCC_WARN_UNDECLARED_SELECTOR = YES;
				GCC_WARN_UNINITIALIZED_AUTOS = YES_AGGRESSIVE;
				GCC_WARN_UNUSED_FUNCTION = YES;
				GCC_WARN_UNUSED_VARIABLE = YES;
				IPHONEOS_DEPLOYMENT_TARGET = 13.2;
				MTL_ENABLE_DEBUG_INFO = NO;
				MTL_FAST_MATH = YES;
				SDKROOT = iphoneos;
				SWIFT_COMPILATION_MODE = wholemodule;
				SWIFT_OPTIMIZATION_LEVEL = "-O";
				VALIDATE_PRODUCT = YES;
			};
			name = Release;
		};
		7F01EED02423503A00AC82F0 /* Debug */ = {
			isa = XCBuildConfiguration;
			baseConfigurationReference = A10D46E6D331D05921FBE155 /* Pods-Permissions.debug.xcconfig */;
			buildSettings = {
				ASSETCATALOG_COMPILER_APPICON_NAME = AppIcon;
				CODE_SIGN_STYLE = Automatic;
				DEVELOPMENT_TEAM = H972GMBYZ9;
				INFOPLIST_FILE = Permissions/Info.plist;
				LD_RUNPATH_SEARCH_PATHS = (
					"$(inherited)",
					"@executable_path/Frameworks",
				);
				PRODUCT_BUNDLE_IDENTIFIER = com.wekancode.Permissions;
				PRODUCT_NAME = "$(TARGET_NAME)";
				SWIFT_VERSION = 5.0;
				TARGETED_DEVICE_FAMILY = "1,2";
			};
			name = Debug;
		};
		7F01EED12423503A00AC82F0 /* Release */ = {
			isa = XCBuildConfiguration;
			baseConfigurationReference = 77AB197408820F38F148A269 /* Pods-Permissions.release.xcconfig */;
			buildSettings = {
				ASSETCATALOG_COMPILER_APPICON_NAME = AppIcon;
				CODE_SIGN_STYLE = Automatic;
				DEVELOPMENT_TEAM = H972GMBYZ9;
				INFOPLIST_FILE = Permissions/Info.plist;
				LD_RUNPATH_SEARCH_PATHS = (
					"$(inherited)",
					"@executable_path/Frameworks",
				);
				PRODUCT_BUNDLE_IDENTIFIER = com.wekancode.Permissions;
				PRODUCT_NAME = "$(TARGET_NAME)";
				SWIFT_VERSION = 5.0;
				TARGETED_DEVICE_FAMILY = "1,2";
			};
			name = Release;
		};
/* End XCBuildConfiguration section */

/* Begin XCConfigurationList section */
		7F01EEB62423503A00AC82F0 /* Build configuration list for PBXProject "Permissions" */ = {
			isa = XCConfigurationList;
			buildConfigurations = (
				7F01EECD2423503A00AC82F0 /* Debug */,
				7F01EECE2423503A00AC82F0 /* Release */,
			);
			defaultConfigurationIsVisible = 0;
			defaultConfigurationName = Release;
		};
		7F01EECF2423503A00AC82F0 /* Build configuration list for PBXNativeTarget "Permissions" */ = {
			isa = XCConfigurationList;
			buildConfigurations = (
				7F01EED02423503A00AC82F0 /* Debug */,
				7F01EED12423503A00AC82F0 /* Release */,
			);
			defaultConfigurationIsVisible = 0;
			defaultConfigurationName = Release;
		};
/* End XCConfigurationList section */
	};
	rootObject = 7F01EEB32423503A00AC82F0 /* Project object */;
}
